
Microsoft Visual Studio Solution File, Format Version 12.00
# Visual Studio Version 17
VisualStudioVersion = 17.11.35327.3
MinimumVisualStudioVersion = 10.0.40219.1
Project("{FAE04EC0-301F-11D3-BF4B-00C04F79EFBC}") = "Presentacion", "Presentacion.csproj", "{FDDAF20E-D0F9-4522-A64D-B4C36FF8762F}"
EndProject
Project("{FAE04EC0-301F-11D3-BF4B-00C04F79EFBC}") = "Datos", "..\Datos\Datos.csproj", "{85DAC567-2066-42C5-962D-0158DAEDDC6D}"
EndProject
Project("{FAE04EC0-301F-11D3-BF4B-00C04F79EFBC}") = "Negocio", "..\Negocio\Negocio.csproj", "{C15B06F9-4E28-401D-A18F-5954E259B070}"
EndProject
Global
	GlobalSection(SolutionConfigurationPlatforms) = preSolution
		Debug|Any CPU = Debug|Any CPU
		Release|Any CPU = Release|Any CPU
	EndGlobalSection
	GlobalSection(ProjectConfigurationPlatforms) = postSolution
		{FDDAF20E-D0F9-4522-A64D-B4C36FF8762F}.Debug|Any CPU.ActiveCfg = Debug|Any CPU
		{FDDAF20E-D0F9-4522-A64D-B4C36FF8762F}.Debug|Any CPU.Build.0 = Debug|Any CPU
		{FDDAF20E-D0F9-4522-A64D-B4C36FF8762F}.Release|Any CPU.ActiveCfg = Release|Any CPU
		{FDDAF20E-D0F9-4522-A64D-B4C36FF8762F}.Release|Any CPU.Build.0 = Release|Any CPU
		{85DAC567-2066-42C5-962D-0158DAEDDC6D}.Debug|Any CPU.ActiveCfg = Debug|Any CPU
		{85DAC567-2066-42C5-962D-0158DAEDDC6D}.Debug|Any CPU.Build.0 = Debug|Any CPU
		{85DAC567-2066-42C5-962D-0158DAEDDC6D}.Release|Any CPU.ActiveCfg = Release|Any CPU
		{85DAC567-2066-42C5-962D-0158DAEDDC6D}.Release|Any CPU.Build.0 = Release|Any CPU
		{C15B06F9-4E28-401D-A18F-5954E259B070}.Debug|Any CPU.ActiveCfg = Debug|Any CPU
		{C15B06F9-4E28-401D-A18F-5954E259B070}.Debug|Any CPU.Build.0 = Debug|Any CPU
		{C15B06F9-4E28-401D-A18F-5954E259B070}.Release|Any CPU.ActiveCfg = Release|Any CPU
		{C15B06F9-4E28-401D-A18F-5954E259B070}.Release|Any CPU.Build.0 = Release|Any CPU
	EndGlobalSection
	GlobalSection(SolutionProperties) = preSolution
		HideSolutionNode = FALSE
	EndGlobalSection
	GlobalSection(ExtensibilityGlobals) = postSolution
		SolutionGuid = {FE60358F-39BE-4C62-9C6F-D73634E2D55B}
	EndGlobalSection
EndGlobal
